
Microsoft Visual Studio Solution File, Format Version 12.00
# Visual Studio Version 17
VisualStudioVersion = 17.14.36603.0 d17.14
MinimumVisualStudioVersion = 10.0.40219.1
Project("{FAE04EC0-301F-11D3-BF4B-00C04F79EFBC}") = "Atividade 4 - coleções e LINQ", "Atividade 4 - coleções e LINQ.csproj", "{08E1DCF6-57DF-42B4-AF20-C677F6CB1D77}"
EndProject
Global
	GlobalSection(SolutionConfigurationPlatforms) = preSolution
		Debug|Any CPU = Debug|Any CPU
		Release|Any CPU = Release|Any CPU
	EndGlobalSection
	GlobalSection(ProjectConfigurationPlatforms) = postSolution
		{08E1DCF6-57DF-42B4-AF20-C677F6CB1D77}.Debug|Any CPU.ActiveCfg = Debug|Any CPU
		{08E1DCF6-57DF-42B4-AF20-C677F6CB1D77}.Debug|Any CPU.Build.0 = Debug|Any CPU
		{08E1DCF6-57DF-42B4-AF20-C677F6CB1D77}.Release|Any CPU.ActiveCfg = Release|Any CPU
		{08E1DCF6-57DF-42B4-AF20-C677F6CB1D77}.Release|Any CPU.Build.0 = Release|Any CPU
	EndGlobalSection
	GlobalSection(SolutionProperties) = preSolution
		HideSolutionNode = FALSE
	EndGlobalSection
	GlobalSection(ExtensibilityGlobals) = postSolution
		SolutionGuid = {35F52C4D-63C0-4BC8-9A82-379824D81326}
	EndGlobalSection
EndGlobal
